
Microsoft Visual Studio Solution File, Format Version 12.00
# Visual Studio 2012
Project("{FAE04EC0-301F-11D3-BF4B-00C04F79EFBC}") = "DevoidTalk.Server", "DevoidTalk.Server\DevoidTalk.Server.csproj", "{15B8980D-57E4-48D3-A80A-1CEF168A27DF}"
EndProject
Project("{FAE04EC0-301F-11D3-BF4B-00C04F79EFBC}") = "DevoidTalk.Core", "DevoidTalk.Core\DevoidTalk.Core.csproj", "{C7C4FAB1-176C-4E59-9C8E-5A27222C7E99}"
EndProject
Global
	GlobalSection(SolutionConfigurationPlatforms) = preSolution
		Debug|x86 = Debug|x86
		Release|x86 = Release|x86
	EndGlobalSection
	GlobalSection(ProjectConfigurationPlatforms) = postSolution
		{15B8980D-57E4-48D3-A80A-1CEF168A27DF}.Debug|x86.ActiveCfg = Debug|x86
		{15B8980D-57E4-48D3-A80A-1CEF168A27DF}.Debug|x86.Build.0 = Debug|x86
		{15B8980D-57E4-48D3-A80A-1CEF168A27DF}.Release|x86.ActiveCfg = Release|x86
		{15B8980D-57E4-48D3-A80A-1CEF168A27DF}.Release|x86.Build.0 = Release|x86
		{C7C4FAB1-176C-4E59-9C8E-5A27222C7E99}.Debug|x86.ActiveCfg = Debug|Any CPU
		{C7C4FAB1-176C-4E59-9C8E-5A27222C7E99}.Debug|x86.Build.0 = Debug|Any CPU
		{C7C4FAB1-176C-4E59-9C8E-5A27222C7E99}.Release|x86.ActiveCfg = Release|Any CPU
		{C7C4FAB1-176C-4E59-9C8E-5A27222C7E99}.Release|x86.Build.0 = Release|Any CPU
	EndGlobalSection
EndGlobal
